
Microsoft Visual Studio Solution File, Format Version 12.00
# Visual Studio Version 17
VisualStudioVersion = 17.10.35122.118
MinimumVisualStudioVersion = 10.0.40219.1
Project("{FAE04EC0-301F-11D3-BF4B-00C04F79EFBC}") = "MathClassExample", "MathClassExample\MathClassExample.csproj", "{15245BDF-DA47-49B0-971C-94E57B6FFFE3}"
EndProject
Global
	GlobalSection(SolutionConfigurationPlatforms) = preSolution
		Debug|Any CPU = Debug|Any CPU
		Release|Any CPU = Release|Any CPU
	EndGlobalSection
	GlobalSection(ProjectConfigurationPlatforms) = postSolution
		{15245BDF-DA47-49B0-971C-94E57B6FFFE3}.Debug|Any CPU.ActiveCfg = Debug|Any CPU
		{15245BDF-DA47-49B0-971C-94E57B6FFFE3}.Debug|Any CPU.Build.0 = Debug|Any CPU
		{15245BDF-DA47-49B0-971C-94E57B6FFFE3}.Release|Any CPU.ActiveCfg = Release|Any CPU
		{15245BDF-DA47-49B0-971C-94E57B6FFFE3}.Release|Any CPU.Build.0 = Release|Any CPU
	EndGlobalSection
	GlobalSection(SolutionProperties) = preSolution
		HideSolutionNode = FALSE
	EndGlobalSection
	GlobalSection(ExtensibilityGlobals) = postSolution
		SolutionGuid = {02ACF93F-A237-44B9-BE64-60FF9A480279}
	EndGlobalSection
EndGlobal
