
Microsoft Visual Studio Solution File, Format Version 12.00
# Visual Studio Version 17
VisualStudioVersion = 17.10.35122.118
MinimumVisualStudioVersion = 10.0.40219.1
Project("{FAE04EC0-301F-11D3-BF4B-00C04F79EFBC}") = "ConsoleApp1", "ConsoleApp1\ConsoleApp1.csproj", "{89DBED70-4180-43DD-A46E-52AF9DC77CE2}"
EndProject
Project("{2150E333-8FDC-42A3-9474-1A3956D46DE8}") = "Solution Items", "Solution Items", "{AC21F0CA-3472-4063-AA7B-B066B2FCB0E0}"
	ProjectSection(SolutionItems) = preProject
		.editorconfig = .editorconfig
	EndProjectSection
EndProject
Global
	GlobalSection(SolutionConfigurationPlatforms) = preSolution
		Debug|Any CPU = Debug|Any CPU
		Release|Any CPU = Release|Any CPU
	EndGlobalSection
	GlobalSection(ProjectConfigurationPlatforms) = postSolution
		{89DBED70-4180-43DD-A46E-52AF9DC77CE2}.Debug|Any CPU.ActiveCfg = Debug|Any CPU
		{89DBED70-4180-43DD-A46E-52AF9DC77CE2}.Debug|Any CPU.Build.0 = Debug|Any CPU
		{89DBED70-4180-43DD-A46E-52AF9DC77CE2}.Release|Any CPU.ActiveCfg = Release|Any CPU
		{89DBED70-4180-43DD-A46E-52AF9DC77CE2}.Release|Any CPU.Build.0 = Release|Any CPU
	EndGlobalSection
	GlobalSection(SolutionProperties) = preSolution
		HideSolutionNode = FALSE
	EndGlobalSection
	GlobalSection(ExtensibilityGlobals) = postSolution
		SolutionGuid = {F2B07D16-C5ED-4338-A31E-9D67DBC86B55}
	EndGlobalSection
EndGlobal
