
Microsoft Visual Studio Solution File, Format Version 12.00
# Visual Studio Version 17
VisualStudioVersion = 17.10.35122.118
MinimumVisualStudioVersion = 10.0.40219.1
Project("{FAE04EC0-301F-11D3-BF4B-00C04F79EFBC}") = "OOPSConcepts", "OOPSConcepts\OOPSConcepts.csproj", "{1682EC67-8BDC-439F-B11C-FE7F1B6249A7}"
EndProject
Project("{FAE04EC0-301F-11D3-BF4B-00C04F79EFBC}") = "inheritance", "inheritance\inheritance.csproj", "{500DC074-0796-4DF2-8C6D-1CF52B5F3DD1}"
EndProject
Project("{FAE04EC0-301F-11D3-BF4B-00C04F79EFBC}") = "Aggregation", "Aggregation\Aggregation.csproj", "{27A3008D-491F-4AA1-94B4-4E45B4CCA1F4}"
EndProject
Project("{FAE04EC0-301F-11D3-BF4B-00C04F79EFBC}") = "MethodOverLoading", "MethodOverLoading\MethodOverLoading.csproj", "{49E0F027-99E8-4C6B-8432-7903B484D93D}"
EndProject
Global
	GlobalSection(SolutionConfigurationPlatforms) = preSolution
		Debug|Any CPU = Debug|Any CPU
		Release|Any CPU = Release|Any CPU
	EndGlobalSection
	GlobalSection(ProjectConfigurationPlatforms) = postSolution
		{1682EC67-8BDC-439F-B11C-FE7F1B6249A7}.Debug|Any CPU.ActiveCfg = Debug|Any CPU
		{1682EC67-8BDC-439F-B11C-FE7F1B6249A7}.Debug|Any CPU.Build.0 = Debug|Any CPU
		{1682EC67-8BDC-439F-B11C-FE7F1B6249A7}.Release|Any CPU.ActiveCfg = Release|Any CPU
		{1682EC67-8BDC-439F-B11C-FE7F1B6249A7}.Release|Any CPU.Build.0 = Release|Any CPU
		{500DC074-0796-4DF2-8C6D-1CF52B5F3DD1}.Debug|Any CPU.ActiveCfg = Debug|Any CPU
		{500DC074-0796-4DF2-8C6D-1CF52B5F3DD1}.Debug|Any CPU.Build.0 = Debug|Any CPU
		{500DC074-0796-4DF2-8C6D-1CF52B5F3DD1}.Release|Any CPU.ActiveCfg = Release|Any CPU
		{500DC074-0796-4DF2-8C6D-1CF52B5F3DD1}.Release|Any CPU.Build.0 = Release|Any CPU
		{27A3008D-491F-4AA1-94B4-4E45B4CCA1F4}.Debug|Any CPU.ActiveCfg = Debug|Any CPU
		{27A3008D-491F-4AA1-94B4-4E45B4CCA1F4}.Debug|Any CPU.Build.0 = Debug|Any CPU
		{27A3008D-491F-4AA1-94B4-4E45B4CCA1F4}.Release|Any CPU.ActiveCfg = Release|Any CPU
		{27A3008D-491F-4AA1-94B4-4E45B4CCA1F4}.Release|Any CPU.Build.0 = Release|Any CPU
		{49E0F027-99E8-4C6B-8432-7903B484D93D}.Debug|Any CPU.ActiveCfg = Debug|Any CPU
		{49E0F027-99E8-4C6B-8432-7903B484D93D}.Debug|Any CPU.Build.0 = Debug|Any CPU
		{49E0F027-99E8-4C6B-8432-7903B484D93D}.Release|Any CPU.ActiveCfg = Release|Any CPU
		{49E0F027-99E8-4C6B-8432-7903B484D93D}.Release|Any CPU.Build.0 = Release|Any CPU
	EndGlobalSection
	GlobalSection(SolutionProperties) = preSolution
		HideSolutionNode = FALSE
	EndGlobalSection
	GlobalSection(ExtensibilityGlobals) = postSolution
		SolutionGuid = {A76CF7AE-6DD2-401F-A57D-2E5757C91FB4}
	EndGlobalSection
EndGlobal
