
Microsoft Visual Studio Solution File, Format Version 12.00
# Visual Studio Version 17
VisualStudioVersion = 17.10.35122.118
MinimumVisualStudioVersion = 10.0.40219.1
Project("{FAE04EC0-301F-11D3-BF4B-00C04F79EFBC}") = "String Functions", "String Functions\String Functions.csproj", "{27614D8A-4244-4FB6-A936-990B71E427EA}"
EndProject
Global
	GlobalSection(SolutionConfigurationPlatforms) = preSolution
		Debug|Any CPU = Debug|Any CPU
		Release|Any CPU = Release|Any CPU
	EndGlobalSection
	GlobalSection(ProjectConfigurationPlatforms) = postSolution
		{27614D8A-4244-4FB6-A936-990B71E427EA}.Debug|Any CPU.ActiveCfg = Debug|Any CPU
		{27614D8A-4244-4FB6-A936-990B71E427EA}.Debug|Any CPU.Build.0 = Debug|Any CPU
		{27614D8A-4244-4FB6-A936-990B71E427EA}.Release|Any CPU.ActiveCfg = Release|Any CPU
		{27614D8A-4244-4FB6-A936-990B71E427EA}.Release|Any CPU.Build.0 = Release|Any CPU
	EndGlobalSection
	GlobalSection(SolutionProperties) = preSolution
		HideSolutionNode = FALSE
	EndGlobalSection
	GlobalSection(ExtensibilityGlobals) = postSolution
		SolutionGuid = {943B1B9C-830B-4547-B3C6-3E0708C63770}
	EndGlobalSection
EndGlobal
